# This file is automatically @generated by Cargo.
# It is not intended for manual editing.
version = 4

[[package]]
name = "aead"
version = "0.6.1"
source = "registry+https://github.com/rust-lang/crates.io-index"
checksum = "1973cfbc1a2daf9cf550e74e1f088c28e7f7d8c1e1418fb6c9dc5184b7e84c99"
dependencies = [
 "crypto-common",
 "inout",
]

[[package]]
name = "application-ports"
version = "0.1.0"
dependencies = [
 "client-domain",
 "contracts",
 "identity-access-domain",
 "mailbox-domain",
 "profile-domain",
 "profile-platform-primitives",
 "session-domain",
]

[[package]]
name = "async-trait"
version = "0.1.91"
source = "registry+https://github.com/rust-lang/crates.io-index"
checksum = "ae36dc4177970ef04fde5178d3e2429882def40e57a451f919c098f72baa6cec"
dependencies = [
 "proc-macro2",
 "quote",
 "syn 3.0.3",
]

[[package]]
name = "autocfg"
version = "1.5.1"
source = "registry+https://github.com/rust-lang/crates.io-index"
checksum = "f2032f911046de80f0a198e0901378627c33f59ea0ac00e363d481118bd70a53"

[[package]]
name = "block-buffer"
version = "0.12.1"
source = "registry+https://github.com/rust-lang/crates.io-index"
checksum = "d2f6c7dbe95a6ed67ad9f18e57daf93a2f034c524b99fd2b76d18fdfeb6660aa"
dependencies = [
 "hybrid-array",
]

[[package]]
name = "bridge-domain"
version = "0.1.0"
dependencies = [
 "profile-platform-primitives",
]

[[package]]
name = "browser-profile-control-plane-worker"
version = "0.1.0"
dependencies = [
 "application-ports",
 "client-domain",
 "cloudflare-adapters",
 "control-plane-contract",
 "identity-access-domain",
 "profile-platform-primitives",
 "serde",
 "serde_json",
 "session-domain",
 "use-cases",
 "wasm-bindgen",
 "worker",
]

[[package]]
name = "bumpalo"
version = "3.20.3"
source = "registry+https://github.com/rust-lang/crates.io-index"
checksum = "72f5acc6cb2ba439de613abc23857ec3d78374d8e84c99"
