# This file is automatically @generated by Cargo.
# It is not intended for manual editing.
version = 4

[[package]]
name = "application-ports"
version = "0.1.0"
dependencies = [
 "client-domain",
 "device-domain",
 "identity-access-domain",
 "mailbox-domain",
 "notification-domain",
 "profile-domain",
 "profile-platform-primitives",
 "session-domain",
]

[[package]]
name = "async-trait"
version = "0.1.89"
source = "registry+https://github.com/rust-lang/crates.io-index"
checksum = "90305da46235ec3a3f13201f1412cf3c825cdabf6f392117297474e214cb37a2"
dependencies = [
 "proc-macro2",
 "quote",
 "syn",
]

[[package]]
name = "base64"
version = "0.22.1"
source = "registry+https://github.com/rust-lang/crates.io-index"
checksum = "72b3258b46dfe2d5c60eb12248575ca1a9fc9fe8f1584d0e09605735f8c8d36c"

[[package]]
name = "bitflags"
version = "2.10.0"
source = "registry+https://github.com/rust-lang/crates.io-index"
checksum = "812e12b5285cc515a9c72a5c1d3b6d46a19dac5acfef5265968c166106e31dd3"

[[package]]
name = "browser-profile-bridge"
version = "0.1.0"
dependencies = [
 "bridge-domain",
 "browser-execution-domain",
 "certification-domain",
 "clap",
 "profile-platform-primitives",
 "runtime-bundle-domain",
 "serde_json",
 "sha2",
]

[[package]]
name = "browser-profile-control-plane-worker"
version = "0.1.0"
dependencies = [
 "application-ports",
 "client-domain",
 "cloudflare-adapters",
 "control-plane-contract",
 "device-domain",
 "identity-access-domain",
 "profile-platform-primitives",
 "serde",
 "serde_json",
 "session-domain",
 "sha2",
 "use-cases",
 "use-cases-clients",
 "use-cases-devices",
 "use-cases-identity",
 "use-cases-mailboxes",
 "use-cases-notifications",
 "use-cases-query",
 "wasm-bindgen",
 "worker",
]

[[package]]
name = "browser-profile-foundation-check"
version = "0.1.0"
dependencies = [
 "bridge-domain",
 "browser-execution-domain",
 "certification-domain",
 "client-domain",
 "encrypted-generation-domain",
 "identity-access-domain",
 "mailbox-domain",
 "notification-domain",
 "profile-domain",
 "profile-platform-primitives",
 "runtime-bundle-domain",
 "session-domain",
]

[[package]]
name = "browser-execution-domain"
version = "0.1.0"
dependencies = [
 "profile-platform-primitives",
 "sha2",
]

[[package]]
name = "bridge-domain"
version = "0.1.0"
dependencies = [
 "browser-execution-domain",
 "encrypted-generation-domain",
 "profile-platform-primitives",
 "session-domain",
]

[[package]]
name = "bumpalo"
version = "3.19.0"
source = "registry+https://github.com/rust-lang/crates.io-index"
checksum = "46c5e41b57b8bba42a04676d81cb89e9ee8e859a1a66f80a5a72e1cb76b34d43"

[[package]]
name = "bytes"
version = "1.11.0"
source = "registry+https://github.com/rust-lang/crates.io-index"
checksum = "c9c78e252e2972448f1ab6944d8a9d987e786a5f942cc3cbdee0bbd3e9e5e9d4"

[[package]]
name = "cc"
version = "1.2.52"
source = "registry+https://github.com/rust-lang/crates.io-index"
checksum = "eaf37b310bcf1e7052135ace2654cb53e53c9b8478c6d060ab79d5ce96be12c1"
dependencies = [
 "find-msvc-tools",
 "shlex",
]

[[package]]
name = "certification-domain"
version = "0.1.0"
dependencies = [
 "encrypted-generation-domain",
 "profile-platform-primitives",
]

[[package]]
name = "cfg-if"
version = "1.0.4"
source = "registry+https://github.com/rust-lang/crates.io-index"
checksum = "9330f8b2ff13f34540b44e946ef35111825727b38d33286ef986142615121801"

[[package]]
name = "clap"
version = "4.5.54"
source = "registry+https://github.com/rust-lang/crates.io-index"
checksum = "a8f7a2d65cc2e95303972954bc4db89dc00c2dfb63d8bc9c41734a1f27c20d34"
dependencies = [
 "clap_builder",
 "clap_derive",
]

[[package]]
name = "clap_builder"
version = "4.5.54"
source = "registry+https://github.com/rust-lang/crates.io-index"
checksum = "db912a6a7a9f232f4f15aaaba46f6b5f1a94d43ed5272542ab799713633bdc2c"
dependencies = [
 "anstream",
 "anstyle",
 "clap_lex",
 "strsim",
]

[[package]]
name = "clap_derive"
version = "4.5.49"
source = "registry+https://github.com/rust-lang/crates.io-index"
checksum = "2a0b5487afeab2deb2ff4e03a807ad1a0b2c487242e9f6956e433972ee8d2e32"
dependencies = [
 "heck",
 "proc-macro2",
 "quote",
 "syn",
]

[[package]]
name = "clap_lex"
version = "0.7.7"
source = "registry+https://github.com/rust-lang/crates.io-index"
checksum = "785a23d0d9a7b907fd64381d9679a2d1c0c970a4d7d4d8edc393280109769d94"

[[package]]
name = "client-domain"
version = "0.1.0"
dependencies = [
 "profile-platform-primitives",
 "zeroize",
]

[[package]]
name = "cloudflare-adapters"
version = "0.1.0"
dependencies = [
 "application-ports",
 "browser-execution-domain",
 "device-domain",
 "identity-access-domain",
 "mailbox-domain",
 "notification-domain",
 "profile-domain",
 "profile-platform-primitives",
 "serde",
 "serde_json",
 "session-domain",
 "sha2",
 "worker",
]

[[package]]
name = "colorchoice"
version = "1.0.4"
source = "registry+https://github.com/rust-lang/crates.io-index"
checksum = "b05b61dc5112cbb17e4b6cd61790c9845d138353df5f60573b4a423b5343bf43"

[[package]]
name = "console_error_panic_hook"
version = "0.1.7"
source = "registry+https://github.com/rust-lang/crates.io-index"
checksum = "a06aeb8f6d80f3acff1e9e412eda6485c10c0a0c36c8b4f2b2e5ae48746813a1"
dependencies = [
 "cfg-if",
 "wasm-bindgen",
]

[[package]]
name = "contracts"
version = "0.1.0"
dependencies = [
 "prost",
 "prost-types",
]

[[package]]
name = "control-plane-contract"
version = "0.1.0"
dependencies = [
 "serde",
 "serde_json",
]

[[package]]
name = "device-domain"
version = "0.1.0"
dependencies = [
 "browser-execution-domain",
 "profile-platform-primitives",
]

[[package]]
name = "either"
version = "1.15.0"
source = "registry+https://github.com/rust-lang/crates.io-index"
checksum = "48c757948c5ede0e46177b7add2e67155f70e33c07fea8284df6576da70b3719"

[[package]]
name = "encrypted-generation-domain"
version = "0.1.0"
dependencies = [
 "profile-platform-primitives",
 "sha2",
]

[[package]]
name = "find-msvc-tools"
version = "0.1.5"
source = "registry+https://github.com/rust-lang/crates.io-index"
checksum = "f55a5713b63479b1a40e7d69162f54bb4a3c173f85c5e8baf8c0fa9886c9b38"

[[package]]
name = "fnv"
version = "1.0.7"
source = "registry+https://github.com/rust-lang/crates.io-index"
checksum = "3f9eec918d3f24069de4b4d3c620d7386922c48c21e1a4f4b8a514725d67bc6b"

[[package]]
name = "form_urlencoded"
version = "1.2.2"
source = "registry+https://github.com/rust-lang/crates.io-index"
checksum = "cb4cb245038516f5f85289a88e041097b1e90f47c1dc677356eead73c84f4937"
dependencies = [
 "percent-encoding",
]

[[package]]
name = "futures-channel"
version = "0.3.31"
source = "registry+https://github.com/rust-lang/crates.io-index"
checksum = "2dff15bf788c1a1b4a914ea83836953b0d141bd54d2653283d7af1d3587df42c"
dependencies = [
 "futures-core",
]

[[package]]
name = "futures-core"
version = "0.3.31"
source = "registry+https://github.com/rust-lang/crates.io-index"
checksum = "476a49e066e723a3134458e1600dcdb9d3c66a003a801dc854e3b82a09ed0ef3"

[[package]]
name = "futures-macro"
version = "0.3.31"
source = "registry+https://github.com/rust-lang/crates.io-index"
checksum = "16254455acfc1acb9efef282a9bcb023a3a340ca5ad7e5b56bee10f7b0f6f7d3"
dependencies = [
 "proc-macro2",
 "quote",
 "syn",
]

[[package]]
name = "futures-sink"
version = "0.3.31"
source = "registry+https://github.com/rust-lang/crates.io-index"
checksum = "f43e9ab5d7c33af57fc1eac32a72015984df272cc8f8f11eebd162686bca580b"

[[package]]
name = "futures-task"
version = "0.3.31"
source = "registry+https://github.com/rust-lang/crates.io-index"
checksum = "b8fb5d1e0f907e0b6f4d6bb7f5933cc028dbdb2e703e69d5be0e275163568ba9"

[[package]]
name = "futures-util"
version = "0.3.31"
source = "registry+https://github.com/rust-lang/crates.io-index"
checksum = "f3a5f54b6b9f6bd37f24cc9ed1bc3fd8c1b548da7fefc832268a6cb91a0f4d47"
dependencies = [
 "futures-core",
 "futures-macro",
 "futures-sink",
 "futures-task",
 "pin-project-lite",
 "slab",
]

[[package]]
name = "getrandom"
version = "0.2.16"
source = "registry+https://github.com/rust-lang/crates.io-index"
checksum = "335ff9f135e4384c8150d6f27c6daed433577f86b4750418338c01a1a2528592"
dependencies = [
 "cfg-if",
 "libc",
 "wasi",
]

[[package]]
name = "heck"
version = "0.5.0"
source = "registry+https://github.com/rust-lang/crates.io-index"
checksum = "2302059490783e87e36ea74e3e2d91f7368b49f3580c8af47bc30c7c1b8df8c1"

[[package]]
name = "http"
version = "1.4.0"
source = "registry+https://github.com/rust-lang/crates.io-index"
checksum = "882a9afc46c29378a0ba2ce0cf5a3a2be6cc4d91d2e5e5339742f9b96f7e783d"
dependencies = [
 "bytes",
 "fnv",
 "itoa",
]

[[package]]
name = "http-body"
version = "1.0.1"
source = "registry+https://github.com/rust-lang/crates.io-index"
checksum = "1efedceca78f1cf62f2e994e3e7ef298beb714223d7a539c44c55e3a4a93e25c"
dependencies = [
 "bytes",
 "http",
]

[[package]]
name = "http-body-util"
version = "0.1.3"
source = "registry+https://github.com/rust-lang/crates.io-index"
checksum = "b021d93e26becf5dc7e1eaddf35ef55752037103e1cc5b9b2c6f91377d780f7a"
dependencies = [
 "bytes",
 "futures-core",
 "http",
 "http-body",
 "pin-project-lite",
]

[[package]]
name = "identity-access-domain"
version = "0.1.0"
dependencies = [
 "profile-platform-primitives",
]

[[package]]
name = "idna"
version = "1.1.0"
source = "registry+https://github.com/rust-lang/crates.io-index"
checksum = "5e5c24fa9acb4d24eddb9bb2fb0ea5ff8d2a732602233431eca0b89fa3e22e50"
dependencies = [
 "idna_adapter",
 "smallvec",
 "utf8_iter",
]

[[package]]
name = "idna_adapter"
version = "1.2.1"
source = "registry+https://github.com/rust-lang/crates.io-index"
checksum = "3aca5428bc9221c7331a7d2a0d88ec3f2638235e30271f4fb7a85a1c96cfbaae"
dependencies = [
 "icu_normalizer",
 "icu_properties",
]

[[package]]
name = "icu_collections"
version = "2.1.1"
source = "registry+https://github.com/rust-lang/crates.io-index"
checksum = "f9d2f741703a72df2fd727006644117ad4c90f5f17c11f2a8e62e9e53e091d38"
dependencies = [
 "displaydoc",
 "potential_utf",
 "yoke",
 "zerofrom",
 "zerovec",
]

[[package]]
name = "icu_locale_core"
version = "2.1.1"
source = "registry+https://github.com/rust-lang/crates.io-index"
checksum = "89d57db36767076655c95a42e0e00c24f1f46a3855606c98f9d08d67d8a2ac17"
dependencies = [
 "displaydoc",
 "litemap",
 "tinystr",
 "writeable",
 "zerovec",
]

[[package]]
name = "icu_normalizer"
version = "2.1.1"
source = "registry+https://github.com/rust-lang/crates.io-index"
checksum = "6b09e3d1e1d069920c442d2cb6662a2f213a3e4c1d2bfeb746a2cc2200ab86b5"
dependencies = [
 "icu_collections",
 "icu_normalizer_data",
 "icu_properties",
 "icu_provider",
 "smallvec",
 "zerovec",
]

[[package]]
name = "icu_normalizer_data"
version = "2.1.1"
source = "registry+https://github.com/rust-lang/crates.io-index"
checksum = "4b3e46ec998e6b737058f8d36f4597f23d8be175f8e2a8fdf1615a3d423c1a8e"

[[package]]
name = "icu_properties"
version = "2.1.2"
source = "registry+https://github.com/rust-lang/crates.io-index"
checksum = "ce51b47ef36d343fc8909f4050390e03e8f68ea175a37516c1935644f0d5df10"
dependencies = [
 "icu_collections",
 "icu_locale_core",
 "icu_properties_data",
 "icu_provider",
 "zerotrie",
 "zerovec",
]

[[package]]
name = "icu_properties_data"
version = "2.1.2"
source = "registry+https://github.com/rust-lang/crates.io-index"
checksum = "9fbcfc0a33aee50140defb7dd1324ce08a1b64314c608012f75b0a98f64198eb"

[[package]]
name = "icu_provider"
version = "2.1.1"
source = "registry+https://github.com/rust-lang/crates.io-index"
checksum = "7a720113eea33ecb2b888abcb0385a8d95f3b5c7c217be6cb01a75ba2bb471e8"
dependencies = [
 "displaydoc",
 "icu_locale_core",
 "stable_deref_trait",
 "tinystr",
 "writeable",
 "yoke",
 "zerofrom",
 "zerotrie",
 "zerovec",
]

[[package]]
name = "itoa"
version = "1.0.17"
source = "registry+https://github.com/rust-lang/crates.io-index"
checksum = "38da12e14d5c00f5358d04f00e934b0f2f625510aaa7ad9307a0d1821e459f4c"

[[package]]
name = "js-sys"
version = "0.3.83"
source = "registry+https://github.com/rust-lang/crates.io-index"
checksum = "13f8f91844c9ee65e56ead3c209b29e3c9214f2f06d947baae99275ec9903936"
dependencies = [
 "cfg-if",
 "once_cell",
 "wasm-bindgen",
]

[[package]]
name = "libc"
version = "0.2.180"
source = "registry+https://github.com/rust-lang/crates.io-index"
checksum = "b936209560a6086c43135136032afeb93e761406f89692184efb3c5e075aa982"

[[package]]
name = "litemap"
version = "0.8.1"
source = "registry+https://github.com/rust-lang/crates.io-index"
checksum = "9f95e25e001c4bba6924b2a4b94ab0793259e2f28cc89ee1e14d14679276356e"

[[package]]
name = "log"
version = "0.4.29"
source = "registry+https://github.com/rust-lang/crates.io-index"
checksum = "7a1a2c17c0b96d4d8d2d107b6cb7763a2562a7071bf2f5afceffcd9c9ce73b47"

[[package]]
name = "mailbox-domain"
version = "0.1.0"
dependencies = [
 "profile-platform-primitives",
]

[[package]]
name = "memchr"
version = "2.7.6"
source = "registry+https://github.com/rust-lang/crates.io-index"
checksum = "f52b00d39961fc5b2736ea853c9cc86238e165017a493d1d5c8eac6bdc4cc273"

[[package]]
name = "notification-domain"
version = "0.1.0"
dependencies = [
 "profile-platform-primitives",
]

[[package]]
name = "once_cell"
version = "1.21.3"
source = "registry+https://github.com/rust-lang/crates.io-index"
checksum = "42f5e15c9953c5e4ccceeb2e7382a716482c34515315f7b03532b8b4e8393d2d"

[[package]]
name = "percent-encoding"
version = "2.3.2"
source = "registry+https://github.com/rust-lang/crates.io-index"
checksum = "22896510a7a6438ea1fc215994dac7e231917e57c0643273c7a35a9bb259869b"

[[package]]
name = "pin-project"
version = "1.1.10"
source = "registry+https://github.com/rust-lang/crates.io-index"
checksum = "677f1add75e22e21561dfb7056a3f6eecebac5d42f88e604bf2aaa8f6e46a299"
dependencies = [
 "pin-project-internal",
]

[[package]]
name = "pin-project-internal"
version = "1.1.10"
source = "registry+https://github.com/rust-lang/crates.io-index"
checksum = "3c44000b5954775b8a62a6fc62b897f48228fc41256159f503b4c8e90427c0a9"
dependencies = [
 "proc-macro2",
 "quote",
 "syn",
]

[[package]]
name = "pin-project-lite"
version = "0.2.16"
source = "registry+https://github.com/rust-lang/crates.io-index"
checksum = "3b3caf5c38c431b1afcfb8d4207e5c94f8bd436ba6ff3a6e97c7b196f09e7a1d"

[[package]]
name = "potential_utf"
version = "0.1.4"
source = "registry+https://github.com/rust-lang/crates.io-index"
checksum = "0eea2111e1c130d55fef0e7d2f54bcaa3d3841feeb8665f1181920f0e7496a08"
dependencies = [
 "zerovec",
]

[[package]]
name = "proc-macro2"
version = "1.0.105"
source = "registry+https://github.com/rust-lang/crates.io-index"
checksum = "a22d5e97b8c57a8a89f318221d3794480b29e52ac89b30f41d023df2db20ff5e"
dependencies = [
 "unicode-ident",
]

[[package]]
name = "profile-domain"
version = "0.1.0"
dependencies = [
 "profile-platform-primitives",
]

[[package]]
name = "profile-platform-primitives"
version = "0.1.0"

[[package]]
name = "prost"
version = "0.13.5"
source = "registry+https://github.com/rust-lang/crates.io-index"
checksum = "279284860b3a8bcd2d24c877fcaf8c4c90221c83a35c435a84f1206a653163ba"
dependencies = [
 "bytes",
 "prost-derive",
]

[[package]]
name = "prost-derive"
version = "0.13.5"
source = "registry+https://github.com/rust-lang/crates.io-index"
checksum = "86be3c7d0c4392aee2ac055585145abc3fdacb2c35b2363e32f1f1578c543c9a"
dependencies = [
 "anyhow",
 "itertools",
 "proc-macro2",
 "quote",
 "syn",
]

[[package]]
name = "prost-types"
version = "0.13.5"
source = "registry+https://github.com/rust-lang/crates.io-index"
checksum = "be4e28a7e4d80840463f65645353c385fd9c00d1f4e5ba581481050571373355"
dependencies = [
 "prost",
]

[[package]]
name = "quote"
version = "1.0.43"
source = "registry+https://github.com/rust-lang/crates.io-index"
checksum = "ff40f9f59b3e9e887f5cecf698d556662d6ddaa566abff4a2dda891f7c5bb4d7"
dependencies = [
 "proc-macro2",
]

[[package]]
name = "runtime-bundle-domain"
version = "0.1.0"
dependencies = [
 "profile-platform-primitives",
 "sha2",
]

[[package]]
name = "serde"
version = "1.0.229"
source = "registry+https://github.com/rust-lang/crates.io-index"
checksum = "ba5621e146fd99eb291127e99f5f093d5c65c2ea069d2c0b052c72ed2d1701c8"
dependencies = [
 "serde_core",
 "serde_derive",
]

[[package]]
name = "serde_core"
version = "1.0.229"
source = "registry+https://github.com/rust-lang/crates.io-index"
checksum = "1f4fa658f42b47fb99e5fc0a16bf5347a81d1e5573dd715b3f342e5ce2cb9cb7"
dependencies = [
 "serde_derive",
]

[[package]]
name = "serde_derive"
version = "1.0.229"
source = "registry+https://github.com/rust-lang/crates.io-index"
checksum = "9d3905799d8b5dfd4638bc661421a009195839de652a5927b9acb4b42300552f"
dependencies = [
 "proc-macro2",
 "quote",
 "syn",
]

[[package]]
name = "serde_json"
version = "1.0.151"
source = "registry+https://github.com/rust-lang/crates.io-index"
checksum = "5e7441cc3699eafec3763889743637ec3324b10d15f79df12f6ba068b836e920"
dependencies = [
 "itoa",
 "memchr",
 "serde",
 "serde_core",
 "zmij",
]

[[package]]
name = "session-domain"
version = "0.1.0"
dependencies = [
 "identity-access-domain",
 "profile-platform-primitives",
]

[[package]]
name = "sha2"
version = "0.10.9"
source = "registry+https://github.com/rust-lang/crates.io-index"
checksum = "a7507d819769d01a365ab707794a408ad215971987207a54c0abf4bd92c17bc1"
dependencies = [
 "cfg-if",
 "cpufeatures",
 "digest",
]

[[package]]
name = "smallvec"
version = "1.15.1"
source = "registry+https://github.com/rust-lang/crates.io-index"
checksum = "67b1b7a3b5fe4f0d56164c2d512a00a374e0171583f1f22415e0c28c64b5c01b"

[[package]]
name = "stable_deref_trait"
version = "1.2.1"
source = "registry+https://github.com/rust-lang/crates.io-index"
checksum = "a1b2b783bc1c1f8e4f85240e3e420c9fcf3de966699969f1808b6e29bf678a24"

[[package]]
name = "syn"
version = "2.0.114"
source = "registry+https://github.com/rust-lang/crates.io-index"
checksum = "7f38fe05c1361e83259be655567553f94745d5f3517e2b31a8ce7d956115cd1e"
dependencies = [
 "proc-macro2",
 "quote",
 "unicode-ident",
]

[[package]]
name = "thiserror"
version = "1.0.69"
source = "registry+https://github.com/rust-lang/crates.io-index"
checksum = "b6aafabb1b6d99b553537087c1e5ad90c6a3e27af3092f61b859a99b1a9b1fa8"
dependencies = [
 "thiserror-impl",
]

[[package]]
name = "thiserror-impl"
version = "1.0.69"
source = "registry+https://github.com/rust-lang/crates.io-index"
checksum = "c6b2c9c0154c915d571038839835f3589a59d5cd5974d87e98f062750f03d4e8"
dependencies = [
 "proc-macro2",
 "quote",
 "syn",
]

[[package]]
name = "tinystr"
version = "0.8.2"
source = "registry+https://github.com/rust-lang/crates.io-index"
checksum = "3fbbf4eaf64f4f0a3d7dbd97e0dce2f340124bb9116ca04e4acecbe7384fe527"
dependencies = [
 "displaydoc",
 "zerovec",
]

[[package]]
name = "unicode-ident"
version = "1.0.22"
source = "registry+https://github.com/rust-lang/crates.io-index"
checksum = "9312f7c4e4c2ca562cbb96095c22ae6163878136293c8ec05da20a38a0fbb9a8"

[[package]]
name = "url"
version = "2.5.7"
source = "registry+https://github.com/rust-lang/crates.io-index"
checksum = "1a319bcb85a90f5f9455420600771d486d83f2b2fb944d1ef1ee2af3d35ee9f6"
dependencies = [
 "form_urlencoded",
 "idna",
 "percent-encoding",
 "serde",
]

[[package]]
name = "use-cases"
version = "0.1.0"
dependencies = [
 "application-ports",
 "client-domain",
 "contracts",
 "identity-access-domain",
 "profile-domain",
 "profile-platform-primitives",
 "session-domain",
]

[[package]]
name = "use-cases-clients"
version = "0.1.0"
dependencies = [
 "application-ports",
 "client-domain",
 "contracts",
 "identity-access-domain",
 "profile-platform-primitives",
 "zeroize",
]

[[package]]
name = "use-cases-devices"
version = "0.1.0"
dependencies = [
 "application-ports",
 "browser-execution-domain",
 "device-domain",
 "identity-access-domain",
 "profile-domain",
 "profile-platform-primitives",
]

[[package]]
name = "use-cases-identity"
version = "0.1.0"
dependencies = [
 "application-ports",
 "contracts",
 "identity-access-domain",
 "profile-platform-primitives",
]

[[package]]
name = "use-cases-mailboxes"
version = "0.1.0"
dependencies = [
 "application-ports",
 "identity-access-domain",
 "mailbox-domain",
 "profile-platform-primitives",
]

[[package]]
name = "use-cases-notifications"
version = "0.1.0"
dependencies = [
 "application-ports",
 "notification-domain",
 "profile-platform-primitives",
]

[[package]]
name = "use-cases-query"
version = "0.1.0"
dependencies = [
 "application-ports",
 "client-domain",
 "identity-access-domain",
 "profile-platform-primitives",
]

[[package]]
name = "utf8_iter"
version = "1.0.4"
source = "registry+https://github.com/rust-lang/crates.io-index"
checksum = "b9d8d8c3917e1384262322ed7a483e0c817ea44a86dfa3b53475b7871af55f49"

[[package]]
name = "wasm-bindgen"
version = "0.2.106"
source = "registry+https://github.com/rust-lang/crates.io-index"
checksum = "c3e7d73155fd1aeb517a4c01e9641f84818c4bd5a0eb07a61c5ca45be05ae581"
dependencies = [
 "cfg-if",
 "once_cell",
 "rustversion",
 "wasm-bindgen-macro",
 "wasm-bindgen-shared",
]

[[package]]
name = "wasm-bindgen-futures"
version = "0.4.56"
source = "registry+https://github.com/rust-lang/crates.io-index"
checksum = "6f2e6b5adcbaf14d64d30eeb81ac69d8de813eb11969b37fc073f46708fa492d"
dependencies = [
 "cfg-if",
 "js-sys",
 "once_cell",
 "wasm-bindgen",
 "web-sys",
]

[[package]]
name = "wasm-bindgen-macro"
version = "0.2.106"
source = "registry+https://github.com/rust-lang/crates.io-index"
checksum = "35df65a1e4b54da82a5734f9ce2a8b6d46bf014c903e8cc5cbba72facdde4f99"
dependencies = [
 "quote",
 "wasm-bindgen-macro-support",
]

[[package]]
name = "wasm-bindgen-macro-support"
version = "0.2.106"
source = "registry+https://github.com/rust-lang/crates.io-index"
checksum = "bf30ca1efada1f6ab5fcb5d4584a401e72bb578157777aaa8840c1419705eae1"
dependencies = [
 "bumpalo",
 "proc-macro2",
 "quote",
 "syn",
 "wasm-bindgen-shared",
]

[[package]]
name = "wasm-bindgen-shared"
version = "0.2.106"
source = "registry+https://github.com/rust-lang/crates.io-index"
checksum = "25cc7f689a0b5fd6308f9e6f66df0983e5c43c0ce5e19c5dc463659efd79f3b2"
dependencies = [
 "unicode-ident",
]

[[package]]
name = "web-sys"
version = "0.3.83"
source = "registry+https://github.com/rust-lang/crates.io-index"
checksum = "de9b5e42aad5d48796756da531335170e2cba56f19460276c127d7fc11d64672"
dependencies = [
 "js-sys",
 "wasm-bindgen",
]

[[package]]
name = "worker"
version = "0.7.4"
source = "registry+https://github.com/rust-lang/crates.io-index"
checksum = "60f06b623c0ca5a37b44f809977a5a23d74d071f1bc588ddab39cbf15d1484f1"
dependencies = [
 "async-trait",
 "base64",
 "bytes",
 "console_error_panic_hook",
 "futures-channel",
 "futures-util",
 "http",
 "http-body",
 "http-body-util",
 "js-sys",
 "matchit",
 "pin-project",
 "serde",
 "serde_json",
 "thiserror",
 "url",
 "wasm-bindgen",
 "wasm-bindgen-futures",
 "web-sys",
 "worker-kv",
 "worker-macros",
 "worker-sys",
]

[[package]]
name = "worker-kv"
version = "0.9.0"
source = "registry+https://github.com/rust-lang/crates.io-index"
checksum = "c939fd6b5b39eff8021829311296868614eb85b2bf84007d6f0651d13500d8b4"
dependencies = [
 "js-sys",
 "serde",
 "serde-wasm-bindgen",
 "wasm-bindgen",
 "worker-sys",
]

[[package]]
name = "worker-macros"
version = "0.7.4"
source = "registry+https://github.com/rust-lang/crates.io-index"
checksum = "24863515d7fe1ddd8f07caf67e49403370b368698485eda53dfbe5034786778b"
dependencies = [
 "proc-macro2",
 "quote",
 "syn",
]

[[package]]
name = "worker-sys"
version = "0.7.4"
source = "registry+https://github.com/rust-lang/crates.io-index"
checksum = "da4e7b3ecdf0f4f2e63f83b989160a0ed00a387a4be05a36f35f6be362894e41"
dependencies = [
 "js-sys",
 "wasm-bindgen",
 "web-sys",
]

[[package]]
name = "writeable"
version = "0.6.2"
source = "registry+https://github.com/rust-lang/crates.io-index"
checksum = "55a0a0e0cd2f0384c44219b7d5d9536dd38a750c848f97ef12d0a5756900b3e5"

[[package]]
name = "yoke"
version = "0.8.1"
source = "registry+https://github.com/rust-lang/crates.io-index"
checksum = "3d9c006f304cd3c69f8152cd5d7d8391a093830c33163674652e5ad7e2c93a7a"
dependencies = [
 "stable_deref_trait",
 "yoke-derive",
 "zerofrom",
]

[[package]]
name = "yoke-derive"
version = "0.8.1"
source = "registry+https://github.com/rust-lang/crates.io-index"
checksum = "205ff45e2c966673db5825c645a700449687b484ffe246a1026e0c4b679c92fb"
dependencies = [
 "proc-macro2",
 "quote",
 "syn",
 "synstructure",
]

[[package]]
name = "zeroize"
version = "1.8.2"
source = "registry+https://github.com/rust-lang/crates.io-index"
checksum = "b97154e882e9a548e9939e09f413e0095f81376335667f2a0a2f72a66d856cc6"

[[package]]
name = "zerofrom"
version = "0.1.6"
source = "registry+https://github.com/rust-lang/crates.io-index"
checksum = "50cc42e0333e05660c3587f3bf9d0478688e15cb8706d47c6f8e8cf76b3ac2bc"
dependencies = [
 "zerofrom-derive",
]

[[package]]
name = "zerofrom-derive"
version = "0.1.6"
source = "registry+https://github.com/rust-lang/crates.io-index"
checksum = "d71e5d6e06ab17c6f4de3f22a1f30ab5f38e730b1e51a66db1e1ef720a301c59"
dependencies = [
 "proc-macro2",
 "quote",
 "syn",
 "synstructure",
]

[[package]]
name = "zerotrie"
version = "0.2.3"
source = "registry+https://github.com/rust-lang/crates.io-index"
checksum = "25223f6a635c102e514bb82e938cf66e0489d73e7f3d3e751107c00407960166"
dependencies = [
 "yoke",
 "zerofrom",
]

[[package]]
name = "zerovec"
version = "0.11.5"
source = "registry+https://github.com/rust-lang/crates.io-index"
checksum = "e769f1d6f0ab7511c2b80ed9f169374b1d5aa8f0ee64abc932e6010677c3b4b7"
dependencies = [
 "yoke",
 "zerofrom",
 "zerovec-derive",
]

[[package]]
name = "zerovec-derive"
version = "0.11.2"
source = "registry+https://github.com/rust-lang/crates.io-index"
checksum = "35e3d1385f93b1a1fa59d5e92746e4a0034c3eddd96c366ef2a8f3e6d130cb4c"
dependencies = [
 "proc-macro2",
 "quote",
 "syn",
]

[[package]]
name = "zmij"
version = "1.0.19"
source = "registry+https://github.com/rust-lang/crates.io-index"
checksum = "b0a6c87d4d0713353270974765775304889a4db2ad1e5f3c6eeaa00fd1ce2b2f"
